
Microsoft Visual Studio Solution File, Format Version 12.00
# Visual Studio 15
VisualStudioVersion = 15.0.28307.1433
MinimumVisualStudioVersion = 10.0.40219.1
Project("{FAE04EC0-301F-11D3-BF4B-00C04F79EFBC}") = "SortNumbersBinaryTree", "SortNumbersBinaryTree\SortNumbersBinaryTree.csproj", "{06FA8A2A-48C5-414E-B87B-AEDFBEF83F58}"
EndProject
Global
	GlobalSection(SolutionConfigurationPlatforms) = preSolution
		Debug|Any CPU = Debug|Any CPU
		Release|Any CPU = Release|Any CPU
	EndGlobalSection
	GlobalSection(ProjectConfigurationPlatforms) = postSolution
		{06FA8A2A-48C5-414E-B87B-AEDFBEF83F58}.Debug|Any CPU.ActiveCfg = Debug|Any CPU
		{06FA8A2A-48C5-414E-B87B-AEDFBEF83F58}.Debug|Any CPU.Build.0 = Debug|Any CPU
		{06FA8A2A-48C5-414E-B87B-AEDFBEF83F58}.Release|Any CPU.ActiveCfg = Release|Any CPU
		{06FA8A2A-48C5-414E-B87B-AEDFBEF83F58}.Release|Any CPU.Build.0 = Release|Any CPU
	EndGlobalSection
	GlobalSection(SolutionProperties) = preSolution
		HideSolutionNode = FALSE
	EndGlobalSection
	GlobalSection(ExtensibilityGlobals) = postSolution
		SolutionGuid = {A12000DE-F057-4051-B12B-CDF2D9ED7DE1}
	EndGlobalSection
EndGlobal
